
Microsoft Visual Studio Solution File, Format Version 12.00
# Visual Studio Version 17
VisualStudioVersion = 17.1.32328.378
MinimumVisualStudioVersion = 10.0.40219.1
Project("{2150E333-8FDC-42A3-9474-1A3956D46DE8}") = "src", "src", "{10BCA716-3C11-40D8-864C-C9AA551FAC64}"
EndProject
Project("{9A19103F-16F7-4668-BE54-9A1E7A4F7556}") = "Application", "src\Application\Application.csproj", "{8B19ABEF-29E9-410C-97CC-09963373740A}"
EndProject
Project("{9A19103F-16F7-4668-BE54-9A1E7A4F7556}") = "Domain", "src\Domain\Domain.csproj", "{7BD7C834-A335-4623-80FF-0A61093F281B}"
EndProject
Project("{9A19103F-16F7-4668-BE54-9A1E7A4F7556}") = "Persistence", "src\Persistence\Persistence.csproj", "{3800CD08-A1AB-4286-8114-BDA5F995F0C6}"
EndProject
Project("{9A19103F-16F7-4668-BE54-9A1E7A4F7556}") = "Api", "src\Api\Api.csproj", "{8861759E-A590-4605-95B9-56CFE4E811D3}"
EndProject
Project("{2150E333-8FDC-42A3-9474-1A3956D46DE8}") = "SolutionFiles", "SolutionFiles", "{F7A6BA61-F22F-4F47-AED5-74C31F0C6412}"
	ProjectSection(SolutionItems) = preProject
		.gitignore = .gitignore
		README.md = README.md
	EndProjectSection
EndProject
Project("{2150E333-8FDC-42A3-9474-1A3956D46DE8}") = "tests", "tests", "{BD5E9189-48D2-4280-8135-D106720AEA96}"
EndProject
Project("{FAE04EC0-301F-11D3-BF4B-00C04F79EFBC}") = "Application.IntegrationTests", "tests\Application.IntegrationTests\Application.IntegrationTests.csproj", "{21D6F5A7-F9AA-4EC5-80B1-A34F8C1D11EC}"
EndProject
Global
	GlobalSection(SolutionConfigurationPlatforms) = preSolution
		Debug|Any CPU = Debug|Any CPU
		Release|Any CPU = Release|Any CPU
	EndGlobalSection
	GlobalSection(ProjectConfigurationPlatforms) = postSolution
		{8B19ABEF-29E9-410C-97CC-09963373740A}.Debug|Any CPU.ActiveCfg = Debug|Any CPU
		{8B19ABEF-29E9-410C-97CC-09963373740A}.Debug|Any CPU.Build.0 = Debug|Any CPU
		{8B19ABEF-29E9-410C-97CC-09963373740A}.Release|Any CPU.ActiveCfg = Release|Any CPU
		{8B19ABEF-29E9-410C-97CC-09963373740A}.Release|Any CPU.Build.0 = Release|Any CPU
		{8B19ABEF-29E9-410C-97CC-09963373740A}.Release|Any CPU.Deploy.0 = Release|Any CPU
		{7BD7C834-A335-4623-80FF-0A61093F281B}.Debug|Any CPU.ActiveCfg = Debug|Any CPU
		{7BD7C834-A335-4623-80FF-0A61093F281B}.Debug|Any CPU.Build.0 = Debug|Any CPU
		{7BD7C834-A335-4623-80FF-0A61093F281B}.Release|Any CPU.ActiveCfg = Release|Any CPU
		{7BD7C834-A335-4623-80FF-0A61093F281B}.Release|Any CPU.Build.0 = Release|Any CPU
		{7BD7C834-A335-4623-80FF-0A61093F281B}.Release|Any CPU.Deploy.0 = Release|Any CPU
		{3800CD08-A1AB-4286-8114-BDA5F995F0C6}.Debug|Any CPU.ActiveCfg = Debug|Any CPU
		{3800CD08-A1AB-4286-8114-BDA5F995F0C6}.Debug|Any CPU.Build.0 = Debug|Any CPU
		{3800CD08-A1AB-4286-8114-BDA5F995F0C6}.Release|Any CPU.ActiveCfg = Release|Any CPU
		{3800CD08-A1AB-4286-8114-BDA5F995F0C6}.Release|Any CPU.Build.0 = Release|Any CPU
		{3800CD08-A1AB-4286-8114-BDA5F995F0C6}.Release|Any CPU.Deploy.0 = Release|Any CPU
		{8861759E-A590-4605-95B9-56CFE4E811D3}.Debug|Any CPU.ActiveCfg = Debug|Any CPU
		{8861759E-A590-4605-95B9-56CFE4E811D3}.Debug|Any CPU.Build.0 = Debug|Any CPU
		{8861759E-A590-4605-95B9-56CFE4E811D3}.Release|Any CPU.ActiveCfg = Release|Any CPU
		{8861759E-A590-4605-95B9-56CFE4E811D3}.Release|Any CPU.Build.0 = Release|Any CPU
		{8861759E-A590-4605-95B9-56CFE4E811D3}.Release|Any CPU.Deploy.0 = Release|Any CPU
		{21D6F5A7-F9AA-4EC5-80B1-A34F8C1D11EC}.Debug|Any CPU.ActiveCfg = Debug|Any CPU
		{21D6F5A7-F9AA-4EC5-80B1-A34F8C1D11EC}.Debug|Any CPU.Build.0 = Debug|Any CPU
		{21D6F5A7-F9AA-4EC5-80B1-A34F8C1D11EC}.Release|Any CPU.ActiveCfg = Release|Any CPU
		{21D6F5A7-F9AA-4EC5-80B1-A34F8C1D11EC}.Release|Any CPU.Build.0 = Release|Any CPU
	EndGlobalSection
	GlobalSection(SolutionProperties) = preSolution
		HideSolutionNode = FALSE
	EndGlobalSection
	GlobalSection(NestedProjects) = preSolution
		{8B19ABEF-29E9-410C-97CC-09963373740A} = {10BCA716-3C11-40D8-864C-C9AA551FAC64}
		{7BD7C834-A335-4623-80FF-0A61093F281B} = {10BCA716-3C11-40D8-864C-C9AA551FAC64}
		{3800CD08-A1AB-4286-8114-BDA5F995F0C6} = {10BCA716-3C11-40D8-864C-C9AA551FAC64}
		{8861759E-A590-4605-95B9-56CFE4E811D3} = {10BCA716-3C11-40D8-864C-C9AA551FAC64}
		{21D6F5A7-F9AA-4EC5-80B1-A34F8C1D11EC} = {BD5E9189-48D2-4280-8135-D106720AEA96}
	EndGlobalSection
	GlobalSection(ExtensibilityGlobals) = postSolution
		SolutionGuid = {1A645DE5-E4FD-44DC-8A4F-084F95C26252}
	EndGlobalSection
EndGlobal
