
Microsoft Visual Studio Solution File, Format Version 12.00
# Visual Studio Version 17
VisualStudioVersion = 17.1.32328.378
MinimumVisualStudioVersion = 10.0.40219.1
Project("{9A19103F-16F7-4668-BE54-9A1E7A4F7556}") = "RateMyWineApi", "RateMyWineApi\RateMyWineApi.csproj", "{0FD9E65E-5FD8-4C73-88CB-D6EEC22656FB}"
EndProject
Global
	GlobalSection(SolutionConfigurationPlatforms) = preSolution
		Debug|Any CPU = Debug|Any CPU
		Release|Any CPU = Release|Any CPU
	EndGlobalSection
	GlobalSection(ProjectConfigurationPlatforms) = postSolution
		{0FD9E65E-5FD8-4C73-88CB-D6EEC22656FB}.Debug|Any CPU.ActiveCfg = Debug|Any CPU
		{0FD9E65E-5FD8-4C73-88CB-D6EEC22656FB}.Debug|Any CPU.Build.0 = Debug|Any CPU
		{0FD9E65E-5FD8-4C73-88CB-D6EEC22656FB}.Release|Any CPU.ActiveCfg = Release|Any CPU
		{0FD9E65E-5FD8-4C73-88CB-D6EEC22656FB}.Release|Any CPU.Build.0 = Release|Any CPU
	EndGlobalSection
	GlobalSection(SolutionProperties) = preSolution
		HideSolutionNode = FALSE
	EndGlobalSection
	GlobalSection(ExtensibilityGlobals) = postSolution
		SolutionGuid = {1A645DE5-E4FD-44DC-8A4F-084F95C26252}
	EndGlobalSection
EndGlobal
